
Microsoft Visual Studio Solution File, Format Version 12.00
# Visual Studio Version 16
VisualStudioVersion = 16.0.31911.196
MinimumVisualStudioVersion = 10.0.40219.1
Project("{8BC9CEB8-8B4A-11D0-8D11-00A0C91BC942}") = "IPaddress", "IPaddress\IPaddress.vcxproj", "{29E37FE0-C7F7-409B-8086-7C07FDDA4658}"
EndProject
Project("{8BC9CEB8-8B4A-11D0-8D11-00A0C91BC942}") = "Ping", "Ping\Ping.vcxproj", "{7D782E87-A2F0-4869-B5AA-99F52FAE1FF4}"
EndProject
Project("{8BC9CEB8-8B4A-11D0-8D11-00A0C91BC942}") = "WinSockClient", "WinSockClient\WinSockClient.vcxproj", "{0C1301A3-358B-4A00-A117-58FF8B433A34}"
EndProject
Project("{8BC9CEB8-8B4A-11D0-8D11-00A0C91BC942}") = "WinSockServer", "WinSockServer\WinSockServer.vcxproj", "{54966B27-7505-4D94-B30D-2152BB9FB792}"
EndProject
Global
	GlobalSection(SolutionConfigurationPlatforms) = preSolution
		Debug|x64 = Debug|x64
		Debug|x86 = Debug|x86
		Release|x64 = Release|x64
		Release|x86 = Release|x86
	EndGlobalSection
	GlobalSection(ProjectConfigurationPlatforms) = postSolution
		{29E37FE0-C7F7-409B-8086-7C07FDDA4658}.Debug|x64.ActiveCfg = Debug|x64
		{29E37FE0-C7F7-409B-8086-7C07FDDA4658}.Debug|x64.Build.0 = Debug|x64
		{29E37FE0-C7F7-409B-8086-7C07FDDA4658}.Debug|x86.ActiveCfg = Debug|Win32
		{29E37FE0-C7F7-409B-8086-7C07FDDA4658}.Debug|x86.Build.0 = Debug|Win32
		{29E37FE0-C7F7-409B-8086-7C07FDDA4658}.Release|x64.ActiveCfg = Release|x64
		{29E37FE0-C7F7-409B-8086-7C07FDDA4658}.Release|x64.Build.0 = Release|x64
		{29E37FE0-C7F7-409B-8086-7C07FDDA4658}.Release|x86.ActiveCfg = Release|Win32
		{29E37FE0-C7F7-409B-8086-7C07FDDA4658}.Release|x86.Build.0 = Release|Win32
		{7D782E87-A2F0-4869-B5AA-99F52FAE1FF4}.Debug|x64.ActiveCfg = Debug|x64
		{7D782E87-A2F0-4869-B5AA-99F52FAE1FF4}.Debug|x64.Build.0 = Debug|x64
		{7D782E87-A2F0-4869-B5AA-99F52FAE1FF4}.Debug|x86.ActiveCfg = Debug|Win32
		{7D782E87-A2F0-4869-B5AA-99F52FAE1FF4}.Debug|x86.Build.0 = Debug|Win32
		{7D782E87-A2F0-4869-B5AA-99F52FAE1FF4}.Release|x64.ActiveCfg = Release|x64
		{7D782E87-A2F0-4869-B5AA-99F52FAE1FF4}.Release|x64.Build.0 = Release|x64
		{7D782E87-A2F0-4869-B5AA-99F52FAE1FF4}.Release|x86.ActiveCfg = Release|Win32
		{7D782E87-A2F0-4869-B5AA-99F52FAE1FF4}.Release|x86.Build.0 = Release|Win32
		{0C1301A3-358B-4A00-A117-58FF8B433A34}.Debug|x64.ActiveCfg = Debug|x64
		{0C1301A3-358B-4A00-A117-58FF8B433A34}.Debug|x64.Build.0 = Debug|x64
		{0C1301A3-358B-4A00-A117-58FF8B433A34}.Debug|x86.ActiveCfg = Debug|Win32
		{0C1301A3-358B-4A00-A117-58FF8B433A34}.Debug|x86.Build.0 = Debug|Win32
		{0C1301A3-358B-4A00-A117-58FF8B433A34}.Release|x64.ActiveCfg = Release|x64
		{0C1301A3-358B-4A00-A117-58FF8B433A34}.Release|x64.Build.0 = Release|x64
		{0C1301A3-358B-4A00-A117-58FF8B433A34}.Release|x86.ActiveCfg = Release|Win32
		{0C1301A3-358B-4A00-A117-58FF8B433A34}.Release|x86.Build.0 = Release|Win32
		{54966B27-7505-4D94-B30D-2152BB9FB792}.Debug|x64.ActiveCfg = Debug|x64
		{54966B27-7505-4D94-B30D-2152BB9FB792}.Debug|x64.Build.0 = Debug|x64
		{54966B27-7505-4D94-B30D-2152BB9FB792}.Debug|x86.ActiveCfg = Debug|Win32
		{54966B27-7505-4D94-B30D-2152BB9FB792}.Debug|x86.Build.0 = Debug|Win32
		{54966B27-7505-4D94-B30D-2152BB9FB792}.Release|x64.ActiveCfg = Release|x64
		{54966B27-7505-4D94-B30D-2152BB9FB792}.Release|x64.Build.0 = Release|x64
		{54966B27-7505-4D94-B30D-2152BB9FB792}.Release|x86.ActiveCfg = Release|Win32
		{54966B27-7505-4D94-B30D-2152BB9FB792}.Release|x86.Build.0 = Release|Win32
	EndGlobalSection
	GlobalSection(SolutionProperties) = preSolution
		HideSolutionNode = FALSE
	EndGlobalSection
	GlobalSection(ExtensibilityGlobals) = postSolution
		SolutionGuid = {4F9C7E72-22DF-4657-98F3-DA83EADD965B}
	EndGlobalSection
EndGlobal
